
Microsoft Visual Studio Solution File, Format Version 12.00
# Visual Studio Version 16
VisualStudioVersion = 16.0.31112.23
MinimumVisualStudioVersion = 10.0.40219.1
Project("{9A19103F-16F7-4668-BE54-9A1E7A4F7556}") = "AbstractFactory", "AbstractFactory\AbstractFactory.csproj", "{CC3CE502-F66B-4E5C-A563-B96DE17D4C25}"
EndProject
Project("{9A19103F-16F7-4668-BE54-9A1E7A4F7556}") = "Builder", "Builder\Builder.csproj", "{F35ADF76-5D7F-47D0-A7A5-C09D72B6002E}"
EndProject
Project("{FAE04EC0-301F-11D3-BF4B-00C04F79EFBC}") = "FactoryMethod", "FactoryMethod\FactoryMethod.csproj", "{2B463B4E-3942-4E05-8028-8A67F2B6CA96}"
EndProject
Project("{FAE04EC0-301F-11D3-BF4B-00C04F79EFBC}") = "Prototype", "Prototype\Prototype.csproj", "{2CAC65FF-F8D4-40E9-9166-7B4E86296E13}"
EndProject
Global
	GlobalSection(SolutionConfigurationPlatforms) = preSolution
		Debug|Any CPU = Debug|Any CPU
		Release|Any CPU = Release|Any CPU
	EndGlobalSection
	GlobalSection(ProjectConfigurationPlatforms) = postSolution
		{CC3CE502-F66B-4E5C-A563-B96DE17D4C25}.Debug|Any CPU.ActiveCfg = Debug|Any CPU
		{CC3CE502-F66B-4E5C-A563-B96DE17D4C25}.Debug|Any CPU.Build.0 = Debug|Any CPU
		{CC3CE502-F66B-4E5C-A563-B96DE17D4C25}.Release|Any CPU.ActiveCfg = Release|Any CPU
		{CC3CE502-F66B-4E5C-A563-B96DE17D4C25}.Release|Any CPU.Build.0 = Release|Any CPU
		{F35ADF76-5D7F-47D0-A7A5-C09D72B6002E}.Debug|Any CPU.ActiveCfg = Debug|Any CPU
		{F35ADF76-5D7F-47D0-A7A5-C09D72B6002E}.Debug|Any CPU.Build.0 = Debug|Any CPU
		{F35ADF76-5D7F-47D0-A7A5-C09D72B6002E}.Release|Any CPU.ActiveCfg = Release|Any CPU
		{F35ADF76-5D7F-47D0-A7A5-C09D72B6002E}.Release|Any CPU.Build.0 = Release|Any CPU
		{2B463B4E-3942-4E05-8028-8A67F2B6CA96}.Debug|Any CPU.ActiveCfg = Debug|Any CPU
		{2B463B4E-3942-4E05-8028-8A67F2B6CA96}.Debug|Any CPU.Build.0 = Debug|Any CPU
		{2B463B4E-3942-4E05-8028-8A67F2B6CA96}.Release|Any CPU.ActiveCfg = Release|Any CPU
		{2B463B4E-3942-4E05-8028-8A67F2B6CA96}.Release|Any CPU.Build.0 = Release|Any CPU
		{2CAC65FF-F8D4-40E9-9166-7B4E86296E13}.Debug|Any CPU.ActiveCfg = Debug|Any CPU
		{2CAC65FF-F8D4-40E9-9166-7B4E86296E13}.Debug|Any CPU.Build.0 = Debug|Any CPU
		{2CAC65FF-F8D4-40E9-9166-7B4E86296E13}.Release|Any CPU.ActiveCfg = Release|Any CPU
		{2CAC65FF-F8D4-40E9-9166-7B4E86296E13}.Release|Any CPU.Build.0 = Release|Any CPU
	EndGlobalSection
	GlobalSection(SolutionProperties) = preSolution
		HideSolutionNode = FALSE
	EndGlobalSection
	GlobalSection(ExtensibilityGlobals) = postSolution
		SolutionGuid = {F270B01D-D5E4-46A2-A50A-572E27876DCF}
	EndGlobalSection
EndGlobal
