
Microsoft Visual Studio Solution File, Format Version 12.00
# Visual Studio Version 16
VisualStudioVersion = 16.0.31112.23
MinimumVisualStudioVersion = 10.0.40219.1
Project("{9A19103F-16F7-4668-BE54-9A1E7A4F7556}") = "AbstractFactory", "AbstractFactory\AbstractFactory.csproj", "{CC3CE502-F66B-4E5C-A563-B96DE17D4C25}"
EndProject
Project("{9A19103F-16F7-4668-BE54-9A1E7A4F7556}") = "Builder", "Builder\Builder.csproj", "{F35ADF76-5D7F-47D0-A7A5-C09D72B6002E}"
EndProject
Project("{9A19103F-16F7-4668-BE54-9A1E7A4F7556}") = "FactoryMethod", "FactoryMethod\FactoryMethod.csproj", "{2B463B4E-3942-4E05-8028-8A67F2B6CA96}"
EndProject
Project("{9A19103F-16F7-4668-BE54-9A1E7A4F7556}") = "Prototype", "Prototype\Prototype.csproj", "{2CAC65FF-F8D4-40E9-9166-7B4E86296E13}"
EndProject
Project("{9A19103F-16F7-4668-BE54-9A1E7A4F7556}") = "Singleton", "Singleton\Singleton.csproj", "{17F2972B-1711-463C-A0AF-371BEC51F47C}"
EndProject
Project("{9A19103F-16F7-4668-BE54-9A1E7A4F7556}") = "Adapter", "Adapter\Adapter.csproj", "{FF89500E-CC82-43A1-B245-FF302CDAD46E}"
EndProject
Project("{9A19103F-16F7-4668-BE54-9A1E7A4F7556}") = "Bridge", "Bridge\Bridge.csproj", "{241F9CEC-2890-4684-9B37-745C9D5B296A}"
EndProject
Project("{9A19103F-16F7-4668-BE54-9A1E7A4F7556}") = "Composite", "Composite\Composite.csproj", "{EA52DDBE-FB90-413E-A99E-49EC8EAAACEB}"
EndProject
Project("{9A19103F-16F7-4668-BE54-9A1E7A4F7556}") = "Decorator", "Decorator\Decorator.csproj", "{7C9BDFAF-CBBB-415B-B804-268BB071B23E}"
EndProject
Project("{9A19103F-16F7-4668-BE54-9A1E7A4F7556}") = "Facade", "Facade\Facade.csproj", "{8D0F92D8-CD46-436F-9090-08E74BEBF186}"
EndProject
Project("{9A19103F-16F7-4668-BE54-9A1E7A4F7556}") = "Flyweight", "Flyweight\Flyweight.csproj", "{D32253D7-BBDB-4296-A302-8D3BA0094AB6}"
EndProject
Project("{9A19103F-16F7-4668-BE54-9A1E7A4F7556}") = "Proxy", "Proxy\Proxy.csproj", "{03DE3CDE-BEE1-439A-B46A-849C3B118309}"
EndProject
Project("{FAE04EC0-301F-11D3-BF4B-00C04F79EFBC}") = "ChainOfResponsibility", "ChainOfResponsibility\ChainOfResponsibility.csproj", "{6034C1D7-7440-4EEE-91E1-1F96232DF4B4}"
EndProject
Global
	GlobalSection(SolutionConfigurationPlatforms) = preSolution
		Debug|Any CPU = Debug|Any CPU
		Release|Any CPU = Release|Any CPU
	EndGlobalSection
	GlobalSection(ProjectConfigurationPlatforms) = postSolution
		{CC3CE502-F66B-4E5C-A563-B96DE17D4C25}.Debug|Any CPU.ActiveCfg = Debug|Any CPU
		{CC3CE502-F66B-4E5C-A563-B96DE17D4C25}.Debug|Any CPU.Build.0 = Debug|Any CPU
		{CC3CE502-F66B-4E5C-A563-B96DE17D4C25}.Release|Any CPU.ActiveCfg = Release|Any CPU
		{CC3CE502-F66B-4E5C-A563-B96DE17D4C25}.Release|Any CPU.Build.0 = Release|Any CPU
		{F35ADF76-5D7F-47D0-A7A5-C09D72B6002E}.Debug|Any CPU.ActiveCfg = Debug|Any CPU
		{F35ADF76-5D7F-47D0-A7A5-C09D72B6002E}.Debug|Any CPU.Build.0 = Debug|Any CPU
		{F35ADF76-5D7F-47D0-A7A5-C09D72B6002E}.Release|Any CPU.ActiveCfg = Release|Any CPU
		{F35ADF76-5D7F-47D0-A7A5-C09D72B6002E}.Release|Any CPU.Build.0 = Release|Any CPU
		{2B463B4E-3942-4E05-8028-8A67F2B6CA96}.Debug|Any CPU.ActiveCfg = Debug|Any CPU
		{2B463B4E-3942-4E05-8028-8A67F2B6CA96}.Debug|Any CPU.Build.0 = Debug|Any CPU
		{2B463B4E-3942-4E05-8028-8A67F2B6CA96}.Release|Any CPU.ActiveCfg = Release|Any CPU
		{2B463B4E-3942-4E05-8028-8A67F2B6CA96}.Release|Any CPU.Build.0 = Release|Any CPU
		{2CAC65FF-F8D4-40E9-9166-7B4E86296E13}.Debug|Any CPU.ActiveCfg = Debug|Any CPU
		{2CAC65FF-F8D4-40E9-9166-7B4E86296E13}.Debug|Any CPU.Build.0 = Debug|Any CPU
		{2CAC65FF-F8D4-40E9-9166-7B4E86296E13}.Release|Any CPU.ActiveCfg = Release|Any CPU
		{2CAC65FF-F8D4-40E9-9166-7B4E86296E13}.Release|Any CPU.Build.0 = Release|Any CPU
		{17F2972B-1711-463C-A0AF-371BEC51F47C}.Debug|Any CPU.ActiveCfg = Debug|Any CPU
		{17F2972B-1711-463C-A0AF-371BEC51F47C}.Debug|Any CPU.Build.0 = Debug|Any CPU
		{17F2972B-1711-463C-A0AF-371BEC51F47C}.Release|Any CPU.ActiveCfg = Release|Any CPU
		{17F2972B-1711-463C-A0AF-371BEC51F47C}.Release|Any CPU.Build.0 = Release|Any CPU
		{FF89500E-CC82-43A1-B245-FF302CDAD46E}.Debug|Any CPU.ActiveCfg = Debug|Any CPU
		{FF89500E-CC82-43A1-B245-FF302CDAD46E}.Debug|Any CPU.Build.0 = Debug|Any CPU
		{FF89500E-CC82-43A1-B245-FF302CDAD46E}.Release|Any CPU.ActiveCfg = Release|Any CPU
		{FF89500E-CC82-43A1-B245-FF302CDAD46E}.Release|Any CPU.Build.0 = Release|Any CPU
		{241F9CEC-2890-4684-9B37-745C9D5B296A}.Debug|Any CPU.ActiveCfg = Debug|Any CPU
		{241F9CEC-2890-4684-9B37-745C9D5B296A}.Debug|Any CPU.Build.0 = Debug|Any CPU
		{241F9CEC-2890-4684-9B37-745C9D5B296A}.Release|Any CPU.ActiveCfg = Release|Any CPU
		{241F9CEC-2890-4684-9B37-745C9D5B296A}.Release|Any CPU.Build.0 = Release|Any CPU
		{EA52DDBE-FB90-413E-A99E-49EC8EAAACEB}.Debug|Any CPU.ActiveCfg = Debug|Any CPU
		{EA52DDBE-FB90-413E-A99E-49EC8EAAACEB}.Debug|Any CPU.Build.0 = Debug|Any CPU
		{EA52DDBE-FB90-413E-A99E-49EC8EAAACEB}.Release|Any CPU.ActiveCfg = Release|Any CPU
		{EA52DDBE-FB90-413E-A99E-49EC8EAAACEB}.Release|Any CPU.Build.0 = Release|Any CPU
		{7C9BDFAF-CBBB-415B-B804-268BB071B23E}.Debug|Any CPU.ActiveCfg = Debug|Any CPU
		{7C9BDFAF-CBBB-415B-B804-268BB071B23E}.Debug|Any CPU.Build.0 = Debug|Any CPU
		{7C9BDFAF-CBBB-415B-B804-268BB071B23E}.Release|Any CPU.ActiveCfg = Release|Any CPU
		{7C9BDFAF-CBBB-415B-B804-268BB071B23E}.Release|Any CPU.Build.0 = Release|Any CPU
		{8D0F92D8-CD46-436F-9090-08E74BEBF186}.Debug|Any CPU.ActiveCfg = Debug|Any CPU
		{8D0F92D8-CD46-436F-9090-08E74BEBF186}.Debug|Any CPU.Build.0 = Debug|Any CPU
		{8D0F92D8-CD46-436F-9090-08E74BEBF186}.Release|Any CPU.ActiveCfg = Release|Any CPU
		{8D0F92D8-CD46-436F-9090-08E74BEBF186}.Release|Any CPU.Build.0 = Release|Any CPU
		{D32253D7-BBDB-4296-A302-8D3BA0094AB6}.Debug|Any CPU.ActiveCfg = Debug|Any CPU
		{D32253D7-BBDB-4296-A302-8D3BA0094AB6}.Debug|Any CPU.Build.0 = Debug|Any CPU
		{D32253D7-BBDB-4296-A302-8D3BA0094AB6}.Release|Any CPU.ActiveCfg = Release|Any CPU
		{D32253D7-BBDB-4296-A302-8D3BA0094AB6}.Release|Any CPU.Build.0 = Release|Any CPU
		{03DE3CDE-BEE1-439A-B46A-849C3B118309}.Debug|Any CPU.ActiveCfg = Debug|Any CPU
		{03DE3CDE-BEE1-439A-B46A-849C3B118309}.Debug|Any CPU.Build.0 = Debug|Any CPU
		{03DE3CDE-BEE1-439A-B46A-849C3B118309}.Release|Any CPU.ActiveCfg = Release|Any CPU
		{03DE3CDE-BEE1-439A-B46A-849C3B118309}.Release|Any CPU.Build.0 = Release|Any CPU
		{6034C1D7-7440-4EEE-91E1-1F96232DF4B4}.Debug|Any CPU.ActiveCfg = Debug|Any CPU
		{6034C1D7-7440-4EEE-91E1-1F96232DF4B4}.Debug|Any CPU.Build.0 = Debug|Any CPU
		{6034C1D7-7440-4EEE-91E1-1F96232DF4B4}.Release|Any CPU.ActiveCfg = Release|Any CPU
		{6034C1D7-7440-4EEE-91E1-1F96232DF4B4}.Release|Any CPU.Build.0 = Release|Any CPU
	EndGlobalSection
	GlobalSection(SolutionProperties) = preSolution
		HideSolutionNode = FALSE
	EndGlobalSection
	GlobalSection(ExtensibilityGlobals) = postSolution
		SolutionGuid = {F270B01D-D5E4-46A2-A50A-572E27876DCF}
	EndGlobalSection
EndGlobal
